
Microsoft Visual Studio Solution File, Format Version 12.00
# Visual Studio Version 16
VisualStudioVersion = 16.0.31112.23
MinimumVisualStudioVersion = 10.0.40219.1
Project("{2150E333-8FDC-42A3-9474-1A3956D46DE8}") = "Documents", "Documents", "{4A10C49B-5CE9-4CD3-AAA8-0250B14C41F0}"
	ProjectSection(SolutionItems) = preProject
		GroceryDb.sql = GroceryDb.sql
		readme.txt = readme.txt
	EndProjectSection
EndProject
Project("{9A19103F-16F7-4668-BE54-9A1E7A4F7556}") = "Grocery.WebApp", "Grocery.WebApp\Grocery.WebApp.csproj", "{36539F7D-0519-46C7-91FF-A97C0F935ACD}"
EndProject
Project("{FAE04EC0-301F-11D3-BF4B-00C04F79EFBC}") = "cs_con_InheritanceConstructors", "cs_con_InheritanceConstructors\cs_con_InheritanceConstructors.csproj", "{92083DE0-C9F5-46D1-9C3D-6C25175FD944}"
EndProject
Global
	GlobalSection(SolutionConfigurationPlatforms) = preSolution
		Debug|Any CPU = Debug|Any CPU
		Release|Any CPU = Release|Any CPU
	EndGlobalSection
	GlobalSection(ProjectConfigurationPlatforms) = postSolution
		{36539F7D-0519-46C7-91FF-A97C0F935ACD}.Debug|Any CPU.ActiveCfg = Debug|Any CPU
		{36539F7D-0519-46C7-91FF-A97C0F935ACD}.Debug|Any CPU.Build.0 = Debug|Any CPU
		{36539F7D-0519-46C7-91FF-A97C0F935ACD}.Release|Any CPU.ActiveCfg = Release|Any CPU
		{36539F7D-0519-46C7-91FF-A97C0F935ACD}.Release|Any CPU.Build.0 = Release|Any CPU
		{92083DE0-C9F5-46D1-9C3D-6C25175FD944}.Debug|Any CPU.ActiveCfg = Debug|Any CPU
		{92083DE0-C9F5-46D1-9C3D-6C25175FD944}.Debug|Any CPU.Build.0 = Debug|Any CPU
		{92083DE0-C9F5-46D1-9C3D-6C25175FD944}.Release|Any CPU.ActiveCfg = Release|Any CPU
		{92083DE0-C9F5-46D1-9C3D-6C25175FD944}.Release|Any CPU.Build.0 = Release|Any CPU
	EndGlobalSection
	GlobalSection(SolutionProperties) = preSolution
		HideSolutionNode = FALSE
	EndGlobalSection
	GlobalSection(ExtensibilityGlobals) = postSolution
		SolutionGuid = {06BA4176-802A-4A99-AC19-728CFE7B6D62}
	EndGlobalSection
EndGlobal
